
Microsoft Visual Studio Solution File, Format Version 12.00
# Visual Studio 15
VisualStudioVersion = 15.0.26124.0
MinimumVisualStudioVersion = 15.0.26124.0
Project("{FAE04EC0-301F-11D3-BF4B-00C04F79EFBC}") = "Aoc2021", "Aoc2021\Aoc2021.csproj", "{81593C47-7DDD-4C0E-9F05-3D78FB19DCD4}"
EndProject
Project("{2150E333-8FDC-42A3-9474-1A3956D46DE8}") = "Solution Items", "Solution Items", "{264A41C8-6FA2-4594-AEAF-604318A54330}"
ProjectSection(SolutionItems) = preProject
	.editorconfig = .editorconfig
	.gitignore = .gitignore
	.session = .session
	LICENSE = LICENSE
EndProjectSection
EndProject
Project("{FAE04EC0-301F-11D3-BF4B-00C04F79EFBC}") = "Aoc2021.SourceGenerators", "Aoc2021.SourceGenerators\Aoc2021.SourceGenerators.csproj", "{FE428D10-5172-4E3E-B94E-66ED719D7B9A}"
EndProject
Project("{FAE04EC0-301F-11D3-BF4B-00C04F79EFBC}") = "Aoc2021.Tests", "Aoc2021.Tests\Aoc2021.Tests.csproj", "{9B7615E6-999F-4262-8A99-991EEA68157F}"
EndProject
Global
	GlobalSection(SolutionConfigurationPlatforms) = preSolution
		Debug|Any CPU = Debug|Any CPU
		Debug|x64 = Debug|x64
		Debug|x86 = Debug|x86
		Release|Any CPU = Release|Any CPU
		Release|x64 = Release|x64
		Release|x86 = Release|x86
	EndGlobalSection
	GlobalSection(SolutionProperties) = preSolution
		HideSolutionNode = FALSE
	EndGlobalSection
	GlobalSection(ProjectConfigurationPlatforms) = postSolution
		{81593C47-7DDD-4C0E-9F05-3D78FB19DCD4}.Debug|Any CPU.ActiveCfg = Debug|Any CPU
		{81593C47-7DDD-4C0E-9F05-3D78FB19DCD4}.Debug|Any CPU.Build.0 = Debug|Any CPU
		{81593C47-7DDD-4C0E-9F05-3D78FB19DCD4}.Debug|x64.ActiveCfg = Debug|Any CPU
		{81593C47-7DDD-4C0E-9F05-3D78FB19DCD4}.Debug|x64.Build.0 = Debug|Any CPU
		{81593C47-7DDD-4C0E-9F05-3D78FB19DCD4}.Debug|x86.ActiveCfg = Debug|Any CPU
		{81593C47-7DDD-4C0E-9F05-3D78FB19DCD4}.Debug|x86.Build.0 = Debug|Any CPU
		{81593C47-7DDD-4C0E-9F05-3D78FB19DCD4}.Release|Any CPU.ActiveCfg = Release|Any CPU
		{81593C47-7DDD-4C0E-9F05-3D78FB19DCD4}.Release|Any CPU.Build.0 = Release|Any CPU
		{81593C47-7DDD-4C0E-9F05-3D78FB19DCD4}.Release|x64.ActiveCfg = Release|Any CPU
		{81593C47-7DDD-4C0E-9F05-3D78FB19DCD4}.Release|x64.Build.0 = Release|Any CPU
		{81593C47-7DDD-4C0E-9F05-3D78FB19DCD4}.Release|x86.ActiveCfg = Release|Any CPU
		{81593C47-7DDD-4C0E-9F05-3D78FB19DCD4}.Release|x86.Build.0 = Release|Any CPU
		{FE428D10-5172-4E3E-B94E-66ED719D7B9A}.Debug|Any CPU.ActiveCfg = Debug|Any CPU
		{FE428D10-5172-4E3E-B94E-66ED719D7B9A}.Debug|Any CPU.Build.0 = Debug|Any CPU
		{FE428D10-5172-4E3E-B94E-66ED719D7B9A}.Debug|x64.ActiveCfg = Debug|Any CPU
		{FE428D10-5172-4E3E-B94E-66ED719D7B9A}.Debug|x64.Build.0 = Debug|Any CPU
		{FE428D10-5172-4E3E-B94E-66ED719D7B9A}.Debug|x86.ActiveCfg = Debug|Any CPU
		{FE428D10-5172-4E3E-B94E-66ED719D7B9A}.Debug|x86.Build.0 = Debug|Any CPU
		{FE428D10-5172-4E3E-B94E-66ED719D7B9A}.Release|Any CPU.ActiveCfg = Release|Any CPU
		{FE428D10-5172-4E3E-B94E-66ED719D7B9A}.Release|Any CPU.Build.0 = Release|Any CPU
		{FE428D10-5172-4E3E-B94E-66ED719D7B9A}.Release|x64.ActiveCfg = Release|Any CPU
		{FE428D10-5172-4E3E-B94E-66ED719D7B9A}.Release|x64.Build.0 = Release|Any CPU
		{FE428D10-5172-4E3E-B94E-66ED719D7B9A}.Release|x86.ActiveCfg = Release|Any CPU
		{FE428D10-5172-4E3E-B94E-66ED719D7B9A}.Release|x86.Build.0 = Release|Any CPU
		{9B7615E6-999F-4262-8A99-991EEA68157F}.Debug|Any CPU.ActiveCfg = Debug|Any CPU
		{9B7615E6-999F-4262-8A99-991EEA68157F}.Debug|Any CPU.Build.0 = Debug|Any CPU
		{9B7615E6-999F-4262-8A99-991EEA68157F}.Debug|x64.ActiveCfg = Debug|Any CPU
		{9B7615E6-999F-4262-8A99-991EEA68157F}.Debug|x64.Build.0 = Debug|Any CPU
		{9B7615E6-999F-4262-8A99-991EEA68157F}.Debug|x86.ActiveCfg = Debug|Any CPU
		{9B7615E6-999F-4262-8A99-991EEA68157F}.Debug|x86.Build.0 = Debug|Any CPU
		{9B7615E6-999F-4262-8A99-991EEA68157F}.Release|Any CPU.ActiveCfg = Release|Any CPU
		{9B7615E6-999F-4262-8A99-991EEA68157F}.Release|Any CPU.Build.0 = Release|Any CPU
		{9B7615E6-999F-4262-8A99-991EEA68157F}.Release|x64.ActiveCfg = Release|Any CPU
		{9B7615E6-999F-4262-8A99-991EEA68157F}.Release|x64.Build.0 = Release|Any CPU
		{9B7615E6-999F-4262-8A99-991EEA68157F}.Release|x86.ActiveCfg = Release|Any CPU
		{9B7615E6-999F-4262-8A99-991EEA68157F}.Release|x86.Build.0 = Release|Any CPU
	EndGlobalSection
EndGlobal
